
Microsoft Visual Studio Solution File, Format Version 12.00
# Visual Studio 2012
VisualStudioVersion = 12.0.20827.3
MinimumVisualStudioVersion = 10.0.40219.1
Project("{FAE04EC0-301F-11D3-BF4B-00C04F79EFBC}") = "Problem011", "Problem011\Problem011.csproj", "{56D39262-36AE-4F62-B3D4-120DABF0690E}"
EndProject
Project("{FAE04EC0-301F-11D3-BF4B-00C04F79EFBC}") = "Problem012", "Problem012\Problem012.csproj", "{8581DCB4-318A-41B4-94A8-5E3271766518}"
EndProject
Project("{FAE04EC0-301F-11D3-BF4B-00C04F79EFBC}") = "Problem013", "Problem013\Problem013.csproj", "{249A474F-228F-4D5C-9DE8-901BCEADD362}"
EndProject
Project("{FAE04EC0-301F-11D3-BF4B-00C04F79EFBC}") = "Problem014", "Problem014\Problem014.csproj", "{D7757066-A0FF-4D5B-8791-A8CE570B8118}"
EndProject
Project("{FAE04EC0-301F-11D3-BF4B-00C04F79EFBC}") = "Problem015", "Problem015\Problem015.csproj", "{7DEE08F1-AF9A-4188-B8F9-98A84E82F22C}"
EndProject
Project("{FAE04EC0-301F-11D3-BF4B-00C04F79EFBC}") = "Problem016", "Problem016\Problem016.csproj", "{D92616FE-98B7-4BE7-A27E-4A359F4D6A15}"
EndProject
Project("{FAE04EC0-301F-11D3-BF4B-00C04F79EFBC}") = "Problem017", "Problem017\Problem017.csproj", "{75A29549-E222-4F0B-A4AE-5BDE1B90B29F}"
EndProject
Project("{FAE04EC0-301F-11D3-BF4B-00C04F79EFBC}") = "Problem018", "Problem018\Problem018.csproj", "{B3E67FD6-D7C3-45D6-9BBF-41125BF49743}"
EndProject
Project("{FAE04EC0-301F-11D3-BF4B-00C04F79EFBC}") = "Problem019", "Problem019\Problem019.csproj", "{5CFEF077-520C-434E-8DF6-41CF147C6D23}"
EndProject
Project("{FAE04EC0-301F-11D3-BF4B-00C04F79EFBC}") = "Problem020", "Problem020\Problem020.csproj", "{B7B0862F-98C2-4528-BCCD-341B77C6FC71}"
EndProject
Project("{FAE04EC0-301F-11D3-BF4B-00C04F79EFBC}") = "Problem021", "Problem021\Problem021.csproj", "{EA19A1CA-7CEB-4B98-9E10-0BD6CED2FF74}"
EndProject
Project("{FAE04EC0-301F-11D3-BF4B-00C04F79EFBC}") = "Problem001", "Problem001\Problem001.csproj", "{981171E8-9958-46B7-B4A2-BCC8545F0639}"
EndProject
Project("{FAE04EC0-301F-11D3-BF4B-00C04F79EFBC}") = "Problem002", "Problem002\Problem002.csproj", "{DF740C0E-EDEE-4C1A-9256-63DBF6663A80}"
EndProject
Project("{FAE04EC0-301F-11D3-BF4B-00C04F79EFBC}") = "Problem003", "Problem003\Problem003.csproj", "{11AD1827-CA7E-4F30-9831-BEBEE82D3275}"
EndProject
Project("{FAE04EC0-301F-11D3-BF4B-00C04F79EFBC}") = "Problem004", "Problem004\Problem004.csproj", "{A2246059-D614-4EC9-8279-51BD3803BFA3}"
EndProject
Project("{FAE04EC0-301F-11D3-BF4B-00C04F79EFBC}") = "Problem005", "Problem005\Problem005.csproj", "{2189709C-7AC5-4911-99A8-AB40C98D572C}"
EndProject
Project("{FAE04EC0-301F-11D3-BF4B-00C04F79EFBC}") = "Problem022", "Problem022\Problem022.csproj", "{D441024A-B1B5-4D9B-ACCA-11772D4566BA}"
EndProject
Project("{FAE04EC0-301F-11D3-BF4B-00C04F79EFBC}") = "Problem023", "Problem023\Problem023.csproj", "{0C1D99F6-3B66-4BA3-879D-A13F3E0BF679}"
EndProject
Project("{FAE04EC0-301F-11D3-BF4B-00C04F79EFBC}") = "Problem024", "Problem024\Problem024.csproj", "{CB48DCB0-0C17-471D-9B38-CEE63A862CB0}"
EndProject
Global
	GlobalSection(SolutionConfigurationPlatforms) = preSolution
		Debug|x86 = Debug|x86
		Release|x86 = Release|x86
	EndGlobalSection
	GlobalSection(ProjectConfigurationPlatforms) = postSolution
		{0C1D99F6-3B66-4BA3-879D-A13F3E0BF679}.Debug|x86.ActiveCfg = Debug|x86
		{0C1D99F6-3B66-4BA3-879D-A13F3E0BF679}.Debug|x86.Build.0 = Debug|x86
		{0C1D99F6-3B66-4BA3-879D-A13F3E0BF679}.Release|x86.ActiveCfg = Release|x86
		{0C1D99F6-3B66-4BA3-879D-A13F3E0BF679}.Release|x86.Build.0 = Release|x86
		{11AD1827-CA7E-4F30-9831-BEBEE82D3275}.Debug|x86.ActiveCfg = Debug|x86
		{11AD1827-CA7E-4F30-9831-BEBEE82D3275}.Debug|x86.Build.0 = Debug|x86
		{11AD1827-CA7E-4F30-9831-BEBEE82D3275}.Release|x86.ActiveCfg = Release|x86
		{11AD1827-CA7E-4F30-9831-BEBEE82D3275}.Release|x86.Build.0 = Release|x86
		{2189709C-7AC5-4911-99A8-AB40C98D572C}.Debug|x86.ActiveCfg = Debug|x86
		{2189709C-7AC5-4911-99A8-AB40C98D572C}.Debug|x86.Build.0 = Debug|x86
		{2189709C-7AC5-4911-99A8-AB40C98D572C}.Release|x86.ActiveCfg = Release|x86
		{2189709C-7AC5-4911-99A8-AB40C98D572C}.Release|x86.Build.0 = Release|x86
		{249A474F-228F-4D5C-9DE8-901BCEADD362}.Debug|x86.ActiveCfg = Debug|x86
		{249A474F-228F-4D5C-9DE8-901BCEADD362}.Debug|x86.Build.0 = Debug|x86
		{249A474F-228F-4D5C-9DE8-901BCEADD362}.Release|x86.ActiveCfg = Release|x86
		{249A474F-228F-4D5C-9DE8-901BCEADD362}.Release|x86.Build.0 = Release|x86
		{56D39262-36AE-4F62-B3D4-120DABF0690E}.Debug|x86.ActiveCfg = Debug|x86
		{56D39262-36AE-4F62-B3D4-120DABF0690E}.Debug|x86.Build.0 = Debug|x86
		{56D39262-36AE-4F62-B3D4-120DABF0690E}.Release|x86.ActiveCfg = Release|x86
		{56D39262-36AE-4F62-B3D4-120DABF0690E}.Release|x86.Build.0 = Release|x86
		{5CFEF077-520C-434E-8DF6-41CF147C6D23}.Debug|x86.ActiveCfg = Debug|x86
		{5CFEF077-520C-434E-8DF6-41CF147C6D23}.Debug|x86.Build.0 = Debug|x86
		{5CFEF077-520C-434E-8DF6-41CF147C6D23}.Release|x86.ActiveCfg = Release|x86
		{5CFEF077-520C-434E-8DF6-41CF147C6D23}.Release|x86.Build.0 = Release|x86
		{75A29549-E222-4F0B-A4AE-5BDE1B90B29F}.Debug|x86.ActiveCfg = Debug|x86
		{75A29549-E222-4F0B-A4AE-5BDE1B90B29F}.Debug|x86.Build.0 = Debug|x86
		{75A29549-E222-4F0B-A4AE-5BDE1B90B29F}.Release|x86.ActiveCfg = Release|x86
		{75A29549-E222-4F0B-A4AE-5BDE1B90B29F}.Release|x86.Build.0 = Release|x86
		{7DEE08F1-AF9A-4188-B8F9-98A84E82F22C}.Debug|x86.ActiveCfg = Debug|x86
		{7DEE08F1-AF9A-4188-B8F9-98A84E82F22C}.Debug|x86.Build.0 = Debug|x86
		{7DEE08F1-AF9A-4188-B8F9-98A84E82F22C}.Release|x86.ActiveCfg = Release|x86
		{7DEE08F1-AF9A-4188-B8F9-98A84E82F22C}.Release|x86.Build.0 = Release|x86
		{8581DCB4-318A-41B4-94A8-5E3271766518}.Debug|x86.ActiveCfg = Debug|x86
		{8581DCB4-318A-41B4-94A8-5E3271766518}.Debug|x86.Build.0 = Debug|x86
		{8581DCB4-318A-41B4-94A8-5E3271766518}.Release|x86.ActiveCfg = Release|x86
		{8581DCB4-318A-41B4-94A8-5E3271766518}.Release|x86.Build.0 = Release|x86
		{981171E8-9958-46B7-B4A2-BCC8545F0639}.Debug|x86.ActiveCfg = Debug|x86
		{981171E8-9958-46B7-B4A2-BCC8545F0639}.Debug|x86.Build.0 = Debug|x86
		{981171E8-9958-46B7-B4A2-BCC8545F0639}.Release|x86.ActiveCfg = Release|x86
		{981171E8-9958-46B7-B4A2-BCC8545F0639}.Release|x86.Build.0 = Release|x86
		{A2246059-D614-4EC9-8279-51BD3803BFA3}.Debug|x86.ActiveCfg = Debug|x86
		{A2246059-D614-4EC9-8279-51BD3803BFA3}.Debug|x86.Build.0 = Debug|x86
		{A2246059-D614-4EC9-8279-51BD3803BFA3}.Release|x86.ActiveCfg = Release|x86
		{A2246059-D614-4EC9-8279-51BD3803BFA3}.Release|x86.Build.0 = Release|x86
		{B3E67FD6-D7C3-45D6-9BBF-41125BF49743}.Debug|x86.ActiveCfg = Debug|x86
		{B3E67FD6-D7C3-45D6-9BBF-41125BF49743}.Debug|x86.Build.0 = Debug|x86
		{B3E67FD6-D7C3-45D6-9BBF-41125BF49743}.Release|x86.ActiveCfg = Release|x86
		{B3E67FD6-D7C3-45D6-9BBF-41125BF49743}.Release|x86.Build.0 = Release|x86
		{B7B0862F-98C2-4528-BCCD-341B77C6FC71}.Debug|x86.ActiveCfg = Debug|x86
		{B7B0862F-98C2-4528-BCCD-341B77C6FC71}.Debug|x86.Build.0 = Debug|x86
		{B7B0862F-98C2-4528-BCCD-341B77C6FC71}.Release|x86.ActiveCfg = Release|x86
		{B7B0862F-98C2-4528-BCCD-341B77C6FC71}.Release|x86.Build.0 = Release|x86
		{CB48DCB0-0C17-471D-9B38-CEE63A862CB0}.Debug|x86.ActiveCfg = Debug|x86
		{CB48DCB0-0C17-471D-9B38-CEE63A862CB0}.Debug|x86.Build.0 = Debug|x86
		{CB48DCB0-0C17-471D-9B38-CEE63A862CB0}.Release|x86.ActiveCfg = Release|x86
		{CB48DCB0-0C17-471D-9B38-CEE63A862CB0}.Release|x86.Build.0 = Release|x86
		{D441024A-B1B5-4D9B-ACCA-11772D4566BA}.Debug|x86.ActiveCfg = Debug|x86
		{D441024A-B1B5-4D9B-ACCA-11772D4566BA}.Debug|x86.Build.0 = Debug|x86
		{D441024A-B1B5-4D9B-ACCA-11772D4566BA}.Release|x86.ActiveCfg = Release|x86
		{D441024A-B1B5-4D9B-ACCA-11772D4566BA}.Release|x86.Build.0 = Release|x86
		{D7757066-A0FF-4D5B-8791-A8CE570B8118}.Debug|x86.ActiveCfg = Debug|x86
		{D7757066-A0FF-4D5B-8791-A8CE570B8118}.Debug|x86.Build.0 = Debug|x86
		{D7757066-A0FF-4D5B-8791-A8CE570B8118}.Release|x86.ActiveCfg = Release|x86
		{D7757066-A0FF-4D5B-8791-A8CE570B8118}.Release|x86.Build.0 = Release|x86
		{D92616FE-98B7-4BE7-A27E-4A359F4D6A15}.Debug|x86.ActiveCfg = Debug|x86
		{D92616FE-98B7-4BE7-A27E-4A359F4D6A15}.Debug|x86.Build.0 = Debug|x86
		{D92616FE-98B7-4BE7-A27E-4A359F4D6A15}.Release|x86.ActiveCfg = Release|x86
		{D92616FE-98B7-4BE7-A27E-4A359F4D6A15}.Release|x86.Build.0 = Release|x86
		{DF740C0E-EDEE-4C1A-9256-63DBF6663A80}.Debug|x86.ActiveCfg = Debug|x86
		{DF740C0E-EDEE-4C1A-9256-63DBF6663A80}.Debug|x86.Build.0 = Debug|x86
		{DF740C0E-EDEE-4C1A-9256-63DBF6663A80}.Release|x86.ActiveCfg = Release|x86
		{DF740C0E-EDEE-4C1A-9256-63DBF6663A80}.Release|x86.Build.0 = Release|x86
		{EA19A1CA-7CEB-4B98-9E10-0BD6CED2FF74}.Debug|x86.ActiveCfg = Debug|x86
		{EA19A1CA-7CEB-4B98-9E10-0BD6CED2FF74}.Debug|x86.Build.0 = Debug|x86
		{EA19A1CA-7CEB-4B98-9E10-0BD6CED2FF74}.Release|x86.ActiveCfg = Release|x86
		{EA19A1CA-7CEB-4B98-9E10-0BD6CED2FF74}.Release|x86.Build.0 = Release|x86
	EndGlobalSection
EndGlobal
