
Microsoft Visual Studio Solution File, Format Version 12.00
# Visual Studio 2012
Project("{FAE04EC0-301F-11D3-BF4B-00C04F79EFBC}") = "Problem011", "Problem011\Problem011.csproj", "{56D39262-36AE-4F62-B3D4-120DABF0690E}"
EndProject
Project("{FAE04EC0-301F-11D3-BF4B-00C04F79EFBC}") = "Problem012", "Problem012\Problem012.csproj", "{8581DCB4-318A-41B4-94A8-5E3271766518}"
EndProject
Project("{FAE04EC0-301F-11D3-BF4B-00C04F79EFBC}") = "Problem013", "Problem013\Problem013.csproj", "{249A474F-228F-4D5C-9DE8-901BCEADD362}"
EndProject
Project("{FAE04EC0-301F-11D3-BF4B-00C04F79EFBC}") = "Problem014", "Problem014\Problem014.csproj", "{D7757066-A0FF-4D5B-8791-A8CE570B8118}"
EndProject
Project("{FAE04EC0-301F-11D3-BF4B-00C04F79EFBC}") = "Problem015", "Problem015\Problem015.csproj", "{7DEE08F1-AF9A-4188-B8F9-98A84E82F22C}"
EndProject
Project("{FAE04EC0-301F-11D3-BF4B-00C04F79EFBC}") = "Problem016", "Problem016\Problem016.csproj", "{D92616FE-98B7-4BE7-A27E-4A359F4D6A15}"
EndProject
Global
	GlobalSection(SolutionConfigurationPlatforms) = preSolution
		Debug|x86 = Debug|x86
		Release|x86 = Release|x86
	EndGlobalSection
	GlobalSection(ProjectConfigurationPlatforms) = postSolution
		{249A474F-228F-4D5C-9DE8-901BCEADD362}.Debug|x86.ActiveCfg = Debug|x86
		{249A474F-228F-4D5C-9DE8-901BCEADD362}.Debug|x86.Build.0 = Debug|x86
		{249A474F-228F-4D5C-9DE8-901BCEADD362}.Release|x86.ActiveCfg = Release|x86
		{249A474F-228F-4D5C-9DE8-901BCEADD362}.Release|x86.Build.0 = Release|x86
		{56D39262-36AE-4F62-B3D4-120DABF0690E}.Debug|x86.ActiveCfg = Debug|x86
		{56D39262-36AE-4F62-B3D4-120DABF0690E}.Debug|x86.Build.0 = Debug|x86
		{56D39262-36AE-4F62-B3D4-120DABF0690E}.Release|x86.ActiveCfg = Release|x86
		{56D39262-36AE-4F62-B3D4-120DABF0690E}.Release|x86.Build.0 = Release|x86
		{7DEE08F1-AF9A-4188-B8F9-98A84E82F22C}.Debug|x86.ActiveCfg = Debug|x86
		{7DEE08F1-AF9A-4188-B8F9-98A84E82F22C}.Debug|x86.Build.0 = Debug|x86
		{7DEE08F1-AF9A-4188-B8F9-98A84E82F22C}.Release|x86.ActiveCfg = Release|x86
		{7DEE08F1-AF9A-4188-B8F9-98A84E82F22C}.Release|x86.Build.0 = Release|x86
		{8581DCB4-318A-41B4-94A8-5E3271766518}.Debug|x86.ActiveCfg = Debug|x86
		{8581DCB4-318A-41B4-94A8-5E3271766518}.Debug|x86.Build.0 = Debug|x86
		{8581DCB4-318A-41B4-94A8-5E3271766518}.Release|x86.ActiveCfg = Release|x86
		{8581DCB4-318A-41B4-94A8-5E3271766518}.Release|x86.Build.0 = Release|x86
		{D7757066-A0FF-4D5B-8791-A8CE570B8118}.Debug|x86.ActiveCfg = Debug|x86
		{D7757066-A0FF-4D5B-8791-A8CE570B8118}.Debug|x86.Build.0 = Debug|x86
		{D7757066-A0FF-4D5B-8791-A8CE570B8118}.Release|x86.ActiveCfg = Release|x86
		{D7757066-A0FF-4D5B-8791-A8CE570B8118}.Release|x86.Build.0 = Release|x86
		{D92616FE-98B7-4BE7-A27E-4A359F4D6A15}.Debug|x86.ActiveCfg = Debug|x86
		{D92616FE-98B7-4BE7-A27E-4A359F4D6A15}.Debug|x86.Build.0 = Debug|x86
		{D92616FE-98B7-4BE7-A27E-4A359F4D6A15}.Release|x86.ActiveCfg = Release|x86
		{D92616FE-98B7-4BE7-A27E-4A359F4D6A15}.Release|x86.Build.0 = Release|x86
	EndGlobalSection
EndGlobal
